
Microsoft Visual Studio Solution File, Format Version 12.00
Project("{FAE04EC0-301F-11D3-BF4B-00C04F79EFBC}") = "ImprovingQuicksort", "ImprovingQuicksort.csproj", "{8D26E7DF-796A-4944-A1F5-40E70DAD01C9}"
EndProject
Global
	GlobalSection(SolutionConfigurationPlatforms) = preSolution
		Debug|Any CPU = Debug|Any CPU
		Release|Any CPU = Release|Any CPU
		Testing|Any CPU = Testing|Any CPU
	EndGlobalSection
	GlobalSection(ProjectConfigurationPlatforms) = postSolution
		{8D26E7DF-796A-4944-A1F5-40E70DAD01C9}.Debug|Any CPU.ActiveCfg = Debug|Any CPU
		{8D26E7DF-796A-4944-A1F5-40E70DAD01C9}.Debug|Any CPU.Build.0 = Debug|Any CPU
		{8D26E7DF-796A-4944-A1F5-40E70DAD01C9}.Release|Any CPU.ActiveCfg = Release|Any CPU
		{8D26E7DF-796A-4944-A1F5-40E70DAD01C9}.Release|Any CPU.Build.0 = Release|Any CPU
		{8D26E7DF-796A-4944-A1F5-40E70DAD01C9}.Testing|Any CPU.ActiveCfg = Testing|Any CPU
		{8D26E7DF-796A-4944-A1F5-40E70DAD01C9}.Testing|Any CPU.Build.0 = Testing|Any CPU
	EndGlobalSection
EndGlobal
